
Microsoft Visual Studio Solution File, Format Version 12.00
Project("{2150E333-8FDC-42A3-9474-1A3956D46DE8}") = "src", "src", "{533118EF-BFBC-4140-83E1-A7F0701D92E2}"
EndProject
Project("{FAE04EC0-301F-11D3-BF4B-00C04F79EFBC}") = "src/MessagingPlatform.Api", "src/MessagingPlatform.Api\MessagingPlatform.Api.csproj", "{871E8E55-1930-4200-814E-1ABCAD02953E}"
EndProject
Project("{FAE04EC0-301F-11D3-BF4B-00C04F79EFBC}") = "MessagingPlatform.Domain", "src\MessagingPlatform.Domain\MessagingPlatform.Domain.csproj", "{FA908482-1173-4A8D-9D2C-3E7BE57BF43A}"
EndProject
Project("{FAE04EC0-301F-11D3-BF4B-00C04F79EFBC}") = "MessagingPlatform.Application", "src\MessagingPlatform.Application\MessagingPlatform.Application.csproj", "{414A56B7-0737-44FB-8BB6-5D063FBBC7AD}"
EndProject
Project("{FAE04EC0-301F-11D3-BF4B-00C04F79EFBC}") = "MessagingPlatform.Infrastructure", "src\MessagingPlatform.Infrastructure\MessagingPlatform.Infrastructure.csproj", "{A56AE376-4622-45F6-85FC-3F8F1C3DCB92}"
EndProject
Project("{2150E333-8FDC-42A3-9474-1A3956D46DE8}") = "tests", "tests", "{B514B680-BC2D-4147-8680-377A0DA089CF}"
EndProject
Global
	GlobalSection(SolutionConfigurationPlatforms) = preSolution
		Debug|Any CPU = Debug|Any CPU
		Release|Any CPU = Release|Any CPU
	EndGlobalSection
	GlobalSection(ProjectConfigurationPlatforms) = postSolution
		{871E8E55-1930-4200-814E-1ABCAD02953E}.Debug|Any CPU.ActiveCfg = Debug|Any CPU
		{871E8E55-1930-4200-814E-1ABCAD02953E}.Debug|Any CPU.Build.0 = Debug|Any CPU
		{871E8E55-1930-4200-814E-1ABCAD02953E}.Release|Any CPU.ActiveCfg = Release|Any CPU
		{871E8E55-1930-4200-814E-1ABCAD02953E}.Release|Any CPU.Build.0 = Release|Any CPU
		{FA908482-1173-4A8D-9D2C-3E7BE57BF43A}.Debug|Any CPU.ActiveCfg = Debug|Any CPU
		{FA908482-1173-4A8D-9D2C-3E7BE57BF43A}.Debug|Any CPU.Build.0 = Debug|Any CPU
		{FA908482-1173-4A8D-9D2C-3E7BE57BF43A}.Release|Any CPU.ActiveCfg = Release|Any CPU
		{FA908482-1173-4A8D-9D2C-3E7BE57BF43A}.Release|Any CPU.Build.0 = Release|Any CPU
		{414A56B7-0737-44FB-8BB6-5D063FBBC7AD}.Debug|Any CPU.ActiveCfg = Debug|Any CPU
		{414A56B7-0737-44FB-8BB6-5D063FBBC7AD}.Debug|Any CPU.Build.0 = Debug|Any CPU
		{414A56B7-0737-44FB-8BB6-5D063FBBC7AD}.Release|Any CPU.ActiveCfg = Release|Any CPU
		{414A56B7-0737-44FB-8BB6-5D063FBBC7AD}.Release|Any CPU.Build.0 = Release|Any CPU
		{A56AE376-4622-45F6-85FC-3F8F1C3DCB92}.Debug|Any CPU.ActiveCfg = Debug|Any CPU
		{A56AE376-4622-45F6-85FC-3F8F1C3DCB92}.Debug|Any CPU.Build.0 = Debug|Any CPU
		{A56AE376-4622-45F6-85FC-3F8F1C3DCB92}.Release|Any CPU.ActiveCfg = Release|Any CPU
		{A56AE376-4622-45F6-85FC-3F8F1C3DCB92}.Release|Any CPU.Build.0 = Release|Any CPU
	EndGlobalSection
	GlobalSection(NestedProjects) = preSolution
		{871E8E55-1930-4200-814E-1ABCAD02953E} = {533118EF-BFBC-4140-83E1-A7F0701D92E2}
		{FA908482-1173-4A8D-9D2C-3E7BE57BF43A} = {533118EF-BFBC-4140-83E1-A7F0701D92E2}
		{414A56B7-0737-44FB-8BB6-5D063FBBC7AD} = {533118EF-BFBC-4140-83E1-A7F0701D92E2}
		{A56AE376-4622-45F6-85FC-3F8F1C3DCB92} = {533118EF-BFBC-4140-83E1-A7F0701D92E2}
	EndGlobalSection
EndGlobal
